
Microsoft Visual Studio Solution File, Format Version 12.00
# Visual Studio Version 16
VisualStudioVersion = 16.0.30907.101
MinimumVisualStudioVersion = 10.0.40219.1
Project("{FAE04EC0-301F-11D3-BF4B-00C04F79EFBC}") = "OfflinePM", "OfflinePM.csproj", "{3D9A7D94-1192-4735-9F52-FD1EA25E685B}"
EndProject
Global
	GlobalSection(SolutionConfigurationPlatforms) = preSolution
		Debug|Any CPU = Debug|Any CPU
		Release|Any CPU = Release|Any CPU
	EndGlobalSection
	GlobalSection(ProjectConfigurationPlatforms) = postSolution
		{3D9A7D94-1192-4735-9F52-FD1EA25E685B}.Debug|Any CPU.ActiveCfg = Debug|Any CPU
		{3D9A7D94-1192-4735-9F52-FD1EA25E685B}.Debug|Any CPU.Build.0 = Debug|Any CPU
		{3D9A7D94-1192-4735-9F52-FD1EA25E685B}.Release|Any CPU.ActiveCfg = Release|Any CPU
		{3D9A7D94-1192-4735-9F52-FD1EA25E685B}.Release|Any CPU.Build.0 = Release|Any CPU
	EndGlobalSection
	GlobalSection(SolutionProperties) = preSolution
		HideSolutionNode = FALSE
	EndGlobalSection
	GlobalSection(ExtensibilityGlobals) = postSolution
		SolutionGuid = {AE0121E1-3526-44DD-A9BA-B87FA300C579}
	EndGlobalSection
EndGlobal
